
Microsoft Visual Studio Solution File, Format Version 12.00
# Visual Studio Version 17
VisualStudioVersion = 17.4.33603.86
MinimumVisualStudioVersion = 10.0.40219.1
Project("{8BC9CEB8-8B4A-11D0-8D11-00A0C91BC942}") = "matrix", "matrix\matrix.vcxproj", "{E370F33A-2A9B-4799-AE15-C2D87D5BF56F}"
EndProject
Global
	GlobalSection(SolutionConfigurationPlatforms) = preSolution
		Debug|x64 = Debug|x64
		Debug|x86 = Debug|x86
		Release|x64 = Release|x64
		Release|x86 = Release|x86
	EndGlobalSection
	GlobalSection(ProjectConfigurationPlatforms) = postSolution
		{E370F33A-2A9B-4799-AE15-C2D87D5BF56F}.Debug|x64.ActiveCfg = Debug|x64
		{E370F33A-2A9B-4799-AE15-C2D87D5BF56F}.Debug|x64.Build.0 = Debug|x64
		{E370F33A-2A9B-4799-AE15-C2D87D5BF56F}.Debug|x86.ActiveCfg = Debug|Win32
		{E370F33A-2A9B-4799-AE15-C2D87D5BF56F}.Debug|x86.Build.0 = Debug|Win32
		{E370F33A-2A9B-4799-AE15-C2D87D5BF56F}.Release|x64.ActiveCfg = Release|x64
		{E370F33A-2A9B-4799-AE15-C2D87D5BF56F}.Release|x64.Build.0 = Release|x64
		{E370F33A-2A9B-4799-AE15-C2D87D5BF56F}.Release|x86.ActiveCfg = Release|Win32
		{E370F33A-2A9B-4799-AE15-C2D87D5BF56F}.Release|x86.Build.0 = Release|Win32
	EndGlobalSection
	GlobalSection(SolutionProperties) = preSolution
		HideSolutionNode = FALSE
	EndGlobalSection
	GlobalSection(ExtensibilityGlobals) = postSolution
		SolutionGuid = {7C93EF17-878E-4863-96AE-A5A246C162BC}
	EndGlobalSection
EndGlobal
