
Microsoft Visual Studio Solution File, Format Version 12.00
# Visual Studio Version 17
VisualStudioVersion = 17.4.33603.86
MinimumVisualStudioVersion = 10.0.40219.1
Project("{8BC9CEB8-8B4A-11D0-8D11-00A0C91BC942}") = "matrixproject", "matrixproject\matrixproject.vcxproj", "{6734B93A-0D35-462B-BF66-7D905427676F}"
EndProject
Global
	GlobalSection(SolutionConfigurationPlatforms) = preSolution
		Debug|x64 = Debug|x64
		Debug|x86 = Debug|x86
		Release|x64 = Release|x64
		Release|x86 = Release|x86
	EndGlobalSection
	GlobalSection(ProjectConfigurationPlatforms) = postSolution
		{6734B93A-0D35-462B-BF66-7D905427676F}.Debug|x64.ActiveCfg = Debug|x64
		{6734B93A-0D35-462B-BF66-7D905427676F}.Debug|x64.Build.0 = Debug|x64
		{6734B93A-0D35-462B-BF66-7D905427676F}.Debug|x86.ActiveCfg = Debug|Win32
		{6734B93A-0D35-462B-BF66-7D905427676F}.Debug|x86.Build.0 = Debug|Win32
		{6734B93A-0D35-462B-BF66-7D905427676F}.Release|x64.ActiveCfg = Release|x64
		{6734B93A-0D35-462B-BF66-7D905427676F}.Release|x64.Build.0 = Release|x64
		{6734B93A-0D35-462B-BF66-7D905427676F}.Release|x86.ActiveCfg = Release|Win32
		{6734B93A-0D35-462B-BF66-7D905427676F}.Release|x86.Build.0 = Release|Win32
	EndGlobalSection
	GlobalSection(SolutionProperties) = preSolution
		HideSolutionNode = FALSE
	EndGlobalSection
	GlobalSection(ExtensibilityGlobals) = postSolution
		SolutionGuid = {112B13CB-2A02-4449-80B9-BB1B8B5879E9}
	EndGlobalSection
EndGlobal
