
Microsoft Visual Studio Solution File, Format Version 12.00
# Visual Studio Version 17
VisualStudioVersion = 17.4.33603.86
MinimumVisualStudioVersion = 10.0.40219.1
Project("{8BC9CEB8-8B4A-11D0-8D11-00A0C91BC942}") = "Oops", "Oops\Oops.vcxproj", "{F6894A99-A8F2-42CF-B527-1DAB100188F3}"
EndProject
Global
	GlobalSection(SolutionConfigurationPlatforms) = preSolution
		Debug|x64 = Debug|x64
		Debug|x86 = Debug|x86
		Release|x64 = Release|x64
		Release|x86 = Release|x86
	EndGlobalSection
	GlobalSection(ProjectConfigurationPlatforms) = postSolution
		{F6894A99-A8F2-42CF-B527-1DAB100188F3}.Debug|x64.ActiveCfg = Debug|x64
		{F6894A99-A8F2-42CF-B527-1DAB100188F3}.Debug|x64.Build.0 = Debug|x64
		{F6894A99-A8F2-42CF-B527-1DAB100188F3}.Debug|x86.ActiveCfg = Debug|Win32
		{F6894A99-A8F2-42CF-B527-1DAB100188F3}.Debug|x86.Build.0 = Debug|Win32
		{F6894A99-A8F2-42CF-B527-1DAB100188F3}.Release|x64.ActiveCfg = Release|x64
		{F6894A99-A8F2-42CF-B527-1DAB100188F3}.Release|x64.Build.0 = Release|x64
		{F6894A99-A8F2-42CF-B527-1DAB100188F3}.Release|x86.ActiveCfg = Release|Win32
		{F6894A99-A8F2-42CF-B527-1DAB100188F3}.Release|x86.Build.0 = Release|Win32
	EndGlobalSection
	GlobalSection(SolutionProperties) = preSolution
		HideSolutionNode = FALSE
	EndGlobalSection
	GlobalSection(ExtensibilityGlobals) = postSolution
		SolutionGuid = {2DF22EE9-571C-44C1-9D73-0C7CA3B52D0E}
	EndGlobalSection
EndGlobal
